
Microsoft Visual Studio Solution File, Format Version 12.00
# Visual Studio Version 17
VisualStudioVersion = 17.10.35013.160
MinimumVisualStudioVersion = 10.0.40219.1
Project("{9A19103F-16F7-4668-BE54-9A1E7A4F7556}") = "NourishNet", "NourishNet.csproj", "{8A2D3DE7-DA12-42FB-BBDA-760A90EE116E}"
EndProject
Global
	GlobalSection(SolutionConfigurationPlatforms) = preSolution
		Debug|Any CPU = Debug|Any CPU
		Release|Any CPU = Release|Any CPU
	EndGlobalSection
	GlobalSection(ProjectConfigurationPlatforms) = postSolution
		{8A2D3DE7-DA12-42FB-BBDA-760A90EE116E}.Debug|Any CPU.ActiveCfg = Debug|Any CPU
		{8A2D3DE7-DA12-42FB-BBDA-760A90EE116E}.Debug|Any CPU.Build.0 = Debug|Any CPU
		{8A2D3DE7-DA12-42FB-BBDA-760A90EE116E}.Release|Any CPU.ActiveCfg = Release|Any CPU
		{8A2D3DE7-DA12-42FB-BBDA-760A90EE116E}.Release|Any CPU.Build.0 = Release|Any CPU
	EndGlobalSection
	GlobalSection(SolutionProperties) = preSolution
		HideSolutionNode = FALSE
	EndGlobalSection
	GlobalSection(ExtensibilityGlobals) = postSolution
		SolutionGuid = {FBC368E1-8BE1-4C64-9F79-089AF8C0B101}
	EndGlobalSection
EndGlobal
